
Microsoft Visual Studio Solution File, Format Version 12.00
# Visual Studio Version 16
VisualStudioVersion = 16.0.29920.165
MinimumVisualStudioVersion = 10.0.40219.1
Project("{FAE04EC0-301F-11D3-BF4B-00C04F79EFBC}") = "VaporStoreClub", "VaporStoreClub.csproj", "{75006A46-604B-4AF8-8870-E76E34FBE31D}"
EndProject
Project("{2150E333-8FDC-42A3-9474-1A3956D46DE8}") = "Solution Items", "Solution Items", "{F4454209-C227-404B-8991-1C2ED026CABD}"
	ProjectSection(SolutionItems) = preProject
		.editorconfig = .editorconfig
	EndProjectSection
EndProject
Project("{FAE04EC0-301F-11D3-BF4B-00C04F79EFBC}") = "VaporStoreClubTests", "..\VaporStoreClubTests\VaporStoreClubTests.csproj", "{A8035A00-0E03-4716-A80E-DC4888DE2317}"
EndProject
Project("{FAE04EC0-301F-11D3-BF4B-00C04F79EFBC}") = "DB", "DB\DB.csproj", "{A9153C9D-840E-44A3-9689-636426F33824}"
EndProject
Global
	GlobalSection(SolutionConfigurationPlatforms) = preSolution
		Debug|Any CPU = Debug|Any CPU
		Release|Any CPU = Release|Any CPU
	EndGlobalSection
	GlobalSection(ProjectConfigurationPlatforms) = postSolution
		{75006A46-604B-4AF8-8870-E76E34FBE31D}.Debug|Any CPU.ActiveCfg = Release|Any CPU
		{75006A46-604B-4AF8-8870-E76E34FBE31D}.Debug|Any CPU.Build.0 = Release|Any CPU
		{75006A46-604B-4AF8-8870-E76E34FBE31D}.Release|Any CPU.ActiveCfg = Release|Any CPU
		{75006A46-604B-4AF8-8870-E76E34FBE31D}.Release|Any CPU.Build.0 = Release|Any CPU
		{A8035A00-0E03-4716-A80E-DC4888DE2317}.Debug|Any CPU.ActiveCfg = Debug|Any CPU
		{A8035A00-0E03-4716-A80E-DC4888DE2317}.Debug|Any CPU.Build.0 = Debug|Any CPU
		{A8035A00-0E03-4716-A80E-DC4888DE2317}.Release|Any CPU.ActiveCfg = Release|Any CPU
		{A8035A00-0E03-4716-A80E-DC4888DE2317}.Release|Any CPU.Build.0 = Release|Any CPU
		{A9153C9D-840E-44A3-9689-636426F33824}.Debug|Any CPU.ActiveCfg = Debug|Any CPU
		{A9153C9D-840E-44A3-9689-636426F33824}.Debug|Any CPU.Build.0 = Debug|Any CPU
		{A9153C9D-840E-44A3-9689-636426F33824}.Release|Any CPU.ActiveCfg = Release|Any CPU
		{A9153C9D-840E-44A3-9689-636426F33824}.Release|Any CPU.Build.0 = Release|Any CPU
	EndGlobalSection
	GlobalSection(SolutionProperties) = preSolution
		HideSolutionNode = FALSE
	EndGlobalSection
	GlobalSection(ExtensibilityGlobals) = postSolution
		SolutionGuid = {DA444114-025E-42B8-ACFF-EFC5DE62731F}
	EndGlobalSection
EndGlobal
