
Microsoft Visual Studio Solution File, Format Version 12.00
# Visual Studio Version 16
VisualStudioVersion = 16.0.29920.165
MinimumVisualStudioVersion = 10.0.40219.1
Project("{FAE04EC0-301F-11D3-BF4B-00C04F79EFBC}") = "VaporStoreClub", "VaporStoreClub.csproj", "{75006A46-604B-4AF8-8870-E76E34FBE31D}"
EndProject
Project("{9A19103F-16F7-4668-BE54-9A1E7A4F7556}") = "VaporStoreClubUnitTesting", "VaporStoreClubUnitTesting\VaporStoreClubUnitTesting.csproj", "{DE814D14-037E-4F78-AA1D-411055D28323}"
EndProject
Project("{2150E333-8FDC-42A3-9474-1A3956D46DE8}") = "Solution Items", "Solution Items", "{F4454209-C227-404B-8991-1C2ED026CABD}"
EndProject
Global
	GlobalSection(SolutionConfigurationPlatforms) = preSolution
		Debug|Any CPU = Debug|Any CPU
		Release|Any CPU = Release|Any CPU
	EndGlobalSection
	GlobalSection(ProjectConfigurationPlatforms) = postSolution
		{75006A46-604B-4AF8-8870-E76E34FBE31D}.Debug|Any CPU.ActiveCfg = Debug|Any CPU
		{75006A46-604B-4AF8-8870-E76E34FBE31D}.Debug|Any CPU.Build.0 = Debug|Any CPU
		{75006A46-604B-4AF8-8870-E76E34FBE31D}.Release|Any CPU.ActiveCfg = Release|Any CPU
		{75006A46-604B-4AF8-8870-E76E34FBE31D}.Release|Any CPU.Build.0 = Release|Any CPU
		{DE814D14-037E-4F78-AA1D-411055D28323}.Debug|Any CPU.ActiveCfg = Debug|Any CPU
		{DE814D14-037E-4F78-AA1D-411055D28323}.Debug|Any CPU.Build.0 = Debug|Any CPU
		{DE814D14-037E-4F78-AA1D-411055D28323}.Release|Any CPU.ActiveCfg = Release|Any CPU
		{DE814D14-037E-4F78-AA1D-411055D28323}.Release|Any CPU.Build.0 = Release|Any CPU
	EndGlobalSection
	GlobalSection(SolutionProperties) = preSolution
		HideSolutionNode = FALSE
	EndGlobalSection
	GlobalSection(ExtensibilityGlobals) = postSolution
		SolutionGuid = {DA444114-025E-42B8-ACFF-EFC5DE62731F}
	EndGlobalSection
EndGlobal
